// !$*UTF8*$!
{
	archiveVersion = 1;
	classes = {
	};
	objectVersion = 56;
	objects = {

/* Begin PBXBuildFile section */
		C9355C76296DDCAA00E09DB8 /* AppDelegate.swift in Sources */ = {isa = PBXBuildFile; fileRef = C9355C75296DDCAA00E09DB8 /* AppDelegate.swift */; };
		C9355C78296DDCAA00E09DB8 /* SceneDelegate.swift in Sources */ = {isa = PBXBuildFile; fileRef = C9355C77296DDCAA00E09DB8 /* SceneDelegate.swift */; };
		C9355C7A296DDCAA00E09DB8 /* ViewController.swift in Sources */ = {isa = PBXBuildFile; fileRef = C9355C79296DDCAA00E09DB8 /* ViewController.swift */; };
		C9355C7D296DDCAA00E09DB8 /* Main.storyboard in Resources */ = {isa = PBXBuildFile; fileRef = C9355C7B296DDCAA00E09DB8 /* Main.storyboard */; };
		C9355C80296DDCAA00E09DB8 /* TodoApp.xcdatamodeld in Sources */ = {isa = PBXBuildFile; fileRef = C9355C7E296DDCAA00E09DB8 /* TodoApp.xcdatamodeld */; };
		C9355C82296DDCAB00E09DB8 /* Assets.xcassets in Resources */ = {isa = PBXBuildFile; fileRef = C9355C81296DDCAB00E09DB8 /* Assets.xcassets */; };
		C9355C85296DDCAB00E09DB8 /* LaunchScreen.storyboard in Resources */ = {isa = PBXBuildFile; fileRef = C9355C83296DDCAB00E09DB8 /* LaunchScreen.storyboard */; };
		C9355C8F296DDCEC00E09DB8 /* ToDoListItem+CoreDataClass.swift in Sources */ = {isa = PBXBuildFile; fileRef = C9355C8D296DDCEC00E09DB8 /* ToDoListItem+CoreDataClass.swift */; };
		C9355C90296DDCEC00E09DB8 /* ToDoListItem+CoreDataProperties.swift in Sources */ = {isa = PBXBuildFile; fileRef = C9355C8E296DDCEC00E09DB8 /* ToDoListItem+CoreDataProperties.swift */; };
		C9355C93296DDD5400E09DB8 /* ToDoTableViewCell.swift in Sources */ = {isa = PBXBuildFile; fileRef = C9355C92296DDD5400E09DB8 /* ToDoTableViewCell.swift */; };
/* End PBXBuildFile section */

/* Begin PBXFileReference section */
		C9355C72296DDCAA00E09DB8 /* TodoApp.app */ = {isa = PBXFileReference; explicitFileType = wrapper.application; includeInIndex = 0; path = TodoApp.app; sourceTree = BUILT_PRODUCTS_DIR; };
		C9355C75296DDCAA00E09DB8 /* AppDelegate.swift */ = {isa = PBXFileReference; lastKnownFileType = sourcecode.swift; path = AppDelegate.swift; sourceTree = "<group>"; };
		C9355C77296DDCAA00E09DB8 /* SceneDelegate.swift */ = {isa = PBXFileReference; lastKnownFileType = sourcecode.swift; path = SceneDelegate.swift; sourceTree = "<group>"; };
		C9355C79296DDCAA00E09DB8 /* ViewController.swift */ = {isa = PBXFileReference; lastKnownFileType = sourcecode.swift; path = ViewController.swift; sourceTree = "<group>"; };
		C9355C7C296DDCAA00E09DB8 /* Base */ = {isa = PBXFileReference; lastKnownFileType = file.storyboard; name = Base; path = Base.lproj/Main.storyboard; sourceTree = "<group>"; };
		C9355C7F296DDCAA00E09DB8 /* TodoApp.xcdatamodel */ = {isa = PBXFileReference; lastKnownFileType = wrapper.xcdatamodel; path = TodoApp.xcdatamodel; sourceTree = "<group>"; };
		C9355C81296DDCAB00E09DB8 /* Assets.xcassets */ = {isa = PBXFileReference; lastKnownFileType = folder.assetcatalog; path = Assets.xcassets; sourceTree = "<group>"; };
		C9355C84296DDCAB00E09DB8 /* Base */ = {isa = PBXFileReference; lastKnownFileType = file.storyboard; name = Base; path = Base.lproj/LaunchScreen.storyboard; sourceTree = "<group>"; };
		C9355C86296DDCAB00E09DB8 /* Info.plist */ = {isa = PBXFileReference; lastKnownFileType = text.plist.xml; path = Info.plist; sourceTree = "<group>"; };
		C9355C8D296DDCEC00E09DB8 /* ToDoListItem+CoreDataClass.swift */ = {isa = PBXFileReference; lastKnownFileType = sourcecode.swift; path = "ToDoListItem+CoreDataClass.swift"; sourceTree = "<group>"; };
		C9355C8E296DDCEC00E09DB8 /* ToDoListItem+CoreDataProperties.swift */ = {isa = PBXFileReference; lastKnownFileType = sourcecode.swift; path = "ToDoListItem+CoreDataProperties.swift"; sourceTree = "<group>"; };
		C9355C92296DDD5400E09DB8 /* ToDoTableViewCell.swift */ = {isa = PBXFileReference; lastKnownFileType = sourcecode.swift; path = ToDoTableViewCell.swift; sourceTree = "<group>"; };
/* End PBXFileReference section */

/* Begin PBXFrameworksBuildPhase section */
		C9355C6F296DDCAA00E09DB8 /* Frameworks */ = {
			isa = PBXFrameworksBuildPhase;
			buildActionMask = 2147483647;
			files = (
			);
			runOnlyForDeploymentPostprocessing = 0;
		};
/* End PBXFrameworksBuildPhase section */

/* Begin PBXGroup section */
		C9355C69296DDCAA00E09DB8 = {
			isa = PBXGroup;
			children = (
				C9355C74296DDCAA00E09DB8 /* TodoApp */,
				C9355C73296DDCAA00E09DB8 /* Products */,
			);
			sourceTree = "<group>";
		};
		C9355C73296DDCAA00E09DB8 /* Products */ = {
			isa = PBXGroup;
			children = (
				C9355C72296DDCAA00E09DB8 /* TodoApp.app */,
			);
			name = Products;
			sourceTree = "<group>";
		};
		C9355C74296DDCAA00E09DB8 /* TodoApp */ = {
			isa = PBXGroup;
			children = (
				C9355C91296DDCF000E09DB8 /* ToDoCoreDataItems */,
				C9355C8C296DDCC700E09DB8 /* Resources */,
				C9355C79296DDCAA00E09DB8 /* ViewController.swift */,
				C9355C86296DDCAB00E09DB8 /* Info.plist */,
				C9355C7E296DDCAA00E09DB8 /* TodoApp.xcdatamodeld */,
				C9355C92296DDD5400E09DB8 /* ToDoTableViewCell.swift */,
			);
			path = TodoApp;
			sourceTree = "<group>";
		};
		C9355C8C296DDCC700E09DB8 /* Resources */ = {
			isa = PBXGroup;
			children = (
				C9355C75296DDCAA00E09DB8 /* AppDelegate.swift */,
				C9355C77296DDCAA00E09DB8 /* SceneDelegate.swift */,
				C9355C7B296DDCAA00E09DB8 /* Main.storyboard */,
				C9355C81296DDCAB00E09DB8 /* Assets.xcassets */,
				C9355C83296DDCAB00E09DB8 /* LaunchScreen.storyboard */,
			);
			path = Resources;
			sourceTree = "<group>";
		};
		C9355C91296DDCF000E09DB8 /* ToDoCoreDataItems */ = {
			isa = PBXGroup;
			children = (
				C9355C8D296DDCEC00E09DB8 /* ToDoListItem+CoreDataClass.swift */,
				C9355C8E296DDCEC00E09DB8 /* ToDoListItem+CoreDataProperties.swift */,
			);
			path = ToDoCoreDataItems;
			sourceTree = "<group>";
		};
/* End PBXGroup section */

/* Begin PBXNativeTarget section */
		C9355C71296DDCAA00E09DB8 /* TodoApp */ = {
			isa = PBXNativeTarget;
			buildConfigurationList = C9355C89296DDCAB00E09DB8 /* Build configuration list for PBXNativeTarget "TodoApp" */;
			buildPhases = (
				C9355C6E296DDCAA00E09DB8 /* Sources */,
				C9355C6F296DDCAA00E09DB8 /* Frameworks */,
				C9355C70296DDCAA00E09DB8 /* Resources */,
			);
			buildRules = (
			);
			dependencies = (
			);
			name = TodoApp;
			productName = TodoApp;
			productReference = C9355C72296DDCAA00E09DB8 /* TodoApp.app */;
			productType = "com.apple.product-type.application";
		};
/* End PBXNativeTarget section */

/* Begin PBXProject section */
		C9355C6A296DDCAA00E09DB8 /* Project object */ = {
			isa = PBXProject;
			attributes = {
				BuildIndependentTargetsInParallel = 1;
				LastSwiftUpdateCheck = 1420;
				LastUpgradeCheck = 1420;
				TargetAttributes = {
					C9355C71296DDCAA00E09DB8 = {
						CreatedOnToolsVersion = 14.2;
					};
				};
			};
			buildConfigurationList = C9355C6D296DDCAA00E09DB8 /* Build configuration list for PBXProject "TodoApp" */;
			compatibilityVersion = "Xcode 14.0";
			developmentRegion = en;
			hasScannedForEncodings = 0;
			knownRegions = (
				en,
				Base,
			);
			mainGroup = C9355C69296DDCAA00E09DB8;
			productRefGroup = C9355C73296DDCAA00E09DB8 /* Products */;
			projectDirPath = "";
			projectRoot = "";
			targets = (
				C9355C71296DDCAA00E09DB8 /* TodoApp */,
			);
		};
/* End PBXProject section */

/* Begin PBXResourcesBuildPhase section */
		C9355C70296DDCAA00E09DB8 /* Resources */ = {
			isa = PBXResourcesBuildPhase;
			buildActionMask = 2147483647;
			files = (
				C9355C85296DDCAB00E09DB8 /* LaunchScreen.storyboard in Resources */,
				C9355C82296DDCAB00E09DB8 /* Assets.xcassets in Resources */,
				C9355C7D296DDCAA00E09DB8 /* Main.storyboard in Resources */,
			);
			runOnlyForDeploymentPostprocessing = 0;
		};
/* End PBXResourcesBuildPhase section */

/* Begin PBXSourcesBuildPhase section */
		C9355C6E296DDCAA00E09DB8 /* Sources */ = {
			isa = PBXSourcesBuildPhase;
			buildActionMask = 2147483647;
			files = (
				C9355C93296DDD5400E09DB8 /* ToDoTableViewCell.swift in Sources */,
				C9355C7A296DDCAA00E09DB8 /* ViewController.swift in Sources */,
				C9355C76296DDCAA00E09DB8 /* AppDelegate.swift in Sources */,
				C9355C78296DDCAA00E09DB8 /* SceneDelegate.swift in Sources */,
				C9355C8F296DDCEC00E09DB8 /* ToDoListItem+CoreDataClass.swift in Sources */,
				C9355C90296DDCEC00E09DB8 /* ToDoListItem+CoreDataProperties.swift in Sources */,
				C9355C80296DDCAA00E09DB8 /* TodoApp.xcdatamodeld in Sources */,
			);
			runOnlyForDeploymentPostprocessing = 0;
		};
/* End PBXSourcesBuildPhase section */

/* Begin PBXVariantGroup section */
		C9355C7B296DDCAA00E09DB8 /* Main.storyboard */ = {
			isa = PBXVariantGroup;
			children = (
				C9355C7C296DDCAA00E09DB8 /* Base */,
			);
			name = Main.storyboard;
			sourceTree = "<group>";
		};
		C9355C83296DDCAB00E09DB8 /* LaunchScreen.storyboard */ = {
			isa = PBXVariantGroup;
			children = (
				C9355C84296DDCAB00E09DB8 /* Base */,
			);
			name = LaunchScreen.storyboard;
			sourceTree = "<group>";
		};
/* End PBXVariantGroup section */

/* Begin XCBuildConfiguration section */
		C9355C87296DDCAB00E09DB8 /* Debug */ = {
			isa = XCBuildConfiguration;
			buildSettings = {
				ALWAYS_SEARCH_USER_PATHS = NO;
				CLANG_ANALYZER_NONNULL = YES;
				CLANG_ANALYZER_NUMBER_OBJECT_CONVERSION = YES_AGGRESSIVE;
				CLANG_CXX_LANGUAGE_STANDARD = "gnu++20";
				CLANG_ENABLE_MODULES = YES;
				CLANG_ENABLE_OBJC_ARC = YES;
				CLANG_ENABLE_OBJC_WEAK = YES;
				CLANG_WARN_BLOCK_CAPTURE_AUTORELEASING = YES;
				CLANG_WARN_BOOL_CONVERSION = YES;
				CLANG_WARN_COMMA = YES;
				CLANG_WARN_CONSTANT_CONVERSION = YES;
				CLANG_WARN_DEPRECATED_OBJC_IMPLEMENTATIONS = YES;
				CLANG_WARN_DIRECT_OBJC_ISA_USAGE = YES_ERROR;
				CLANG_WARN_DOCUMENTATION_COMMENTS = YES;
				CLANG_WARN_EMPTY_BODY = YES;
				CLANG_WARN_ENUM_CONVERSION = YES;
				CLANG_WARN_INFINITE_RECURSION = YES;
				CLANG_WARN_INT_CONVERSION = YES;
				CLANG_WARN_NON_LITERAL_NULL_CONVERSION = YES;
				CLANG_WARN_OBJC_IMPLICIT_RETAIN_SELF = YES;
				CLANG_WARN_OBJC_LITERAL_CONVERSION = YES;
				CLANG_WARN_OBJC_ROOT_CLASS = YES_ERROR;
				CLANG_WARN_QUOTED_INCLUDE_IN_FRAMEWORK_HEADER = YES;
				CLANG_WARN_RANGE_LOOP_ANALYSIS = YES;
				CLANG_WARN_STRICT_PROTOTYPES = YES;
				CLANG_WARN_SUSPICIOUS_MOVE = YES;
				CLANG_WARN_UNGUARDED_AVAILABILITY = YES_AGGRESSIVE;
				CLANG_WARN_UNREACHABLE_CODE = YES;
				CLANG_WARN__DUPLICATE_METHOD_MATCH = YES;
				COPY_PHASE_STRIP = NO;
				DEBUG_INFORMATION_FORMAT = dwarf;
				ENABLE_STRICT_OBJC_MSGSEND = YES;
				ENABLE_TESTABILITY = YES;
				GCC_C_LANGUAGE_STANDARD = gnu11;
				GCC_DYNAMIC_NO_PIC = NO;
				GCC_NO_COMMON_BLOCKS = YES;
				GCC_OPTIMIZATION_LEVEL = 0;
				GCC_PREPROCESSOR_DEFINITIONS = (
					"DEBUG=1",
					"$(inherited)",
				);
				GCC_WARN_64_TO_32_BIT_CONVERSION = YES;
				GCC_WARN_ABOUT_RETURN_TYPE = YES_ERROR;
				GCC_WARN_UNDECLARED_SELECTOR = YES;
				GCC_WARN_UNINITIALIZED_AUTOS = YES_AGGRESSIVE;
				GCC_WARN_UNUSED_FUNCTION = YES;
				GCC_WARN_UNUSED_VARIABLE = YES;
				IPHONEOS_DEPLOYMENT_TARGET = 16.2;
				MTL_ENABLE_DEBUG_INFO = INCLUDE_SOURCE;
				MTL_FAST_MATH = YES;
				ONLY_ACTIVE_ARCH = YES;
				SDKROOT = iphoneos;
				SWIFT_ACTIVE_COMPILATION_CONDITIONS = DEBUG;
				SWIFT_OPTIMIZATION_LEVEL = "-Onone";
			};
			name = Debug;
		};
		C9355C88296DDCAB00E09DB8 /* Release */ = {
			isa = XCBuildConfiguration;
			buildSettings = {
				ALWAYS_SEARCH_USER_PATHS = NO;
				CLANG_ANALYZER_NONNULL = YES;
				CLANG_ANALYZER_NUMBER_OBJECT_CONVERSION = YES_AGGRESSIVE;
				CLANG_CXX_LANGUAGE_STANDARD = "gnu++20";
				CLANG_ENABLE_MODULES = YES;
				CLANG_ENABLE_OBJC_ARC = YES;
				CLANG_ENABLE_OBJC_WEAK = YES;
				CLANG_WARN_BLOCK_CAPTURE_AUTORELEASING = YES;
				CLANG_WARN_BOOL_CONVERSION = YES;
				CLANG_WARN_COMMA = YES;
				CLANG_WARN_CONSTANT_CONVERSION = YES;
				CLANG_WARN_DEPRECATED_OBJC_IMPLEMENTATIONS = YES;
				CLANG_WARN_DIRECT_OBJC_ISA_USAGE = YES_ERROR;
				CLANG_WARN_DOCUMENTATION_COMMENTS = YES;
				CLANG_WARN_EMPTY_BODY = YES;
				CLANG_WARN_ENUM_CONVERSION = YES;
				CLANG_WARN_INFINITE_RECURSION = YES;
				CLANG_WARN_INT_CONVERSION = YES;
				CLANG_WARN_NON_LITERAL_NULL_CONVERSION = YES;
				CLANG_WARN_OBJC_IMPLICIT_RETAIN_SELF = YES;
				CLANG_WARN_OBJC_LITERAL_CONVERSION = YES;
				CLANG_WARN_OBJC_ROOT_CLASS = YES_ERROR;
				CLANG_WARN_QUOTED_INCLUDE_IN_FRAMEWORK_HEADER = YES;
				CLANG_WARN_RANGE_LOOP_ANALYSIS = YES;
				CLANG_WARN_STRICT_PROTOTYPES = YES;
				CLANG_WARN_SUSPICIOUS_MOVE = YES;
				CLANG_WARN_UNGUARDED_AVAILABILITY = YES_AGGRESSIVE;
				CLANG_WARN_UNREACHABLE_CODE = YES;
				CLANG_WARN__DUPLICATE_METHOD_MATCH = YES;
				COPY_PHASE_STRIP = NO;
				DEBUG_INFORMATION_FORMAT = "dwarf-with-dsym";
				ENABLE_NS_ASSERTIONS = NO;
				ENABLE_STRICT_OBJC_MSGSEND = YES;
				GCC_C_LANGUAGE_STANDARD = gnu11;
				GCC_NO_COMMON_BLOCKS = YES;
				GCC_WARN_64_TO_32_BIT_CONVERSION = YES;
				GCC_WARN_ABOUT_RETURN_TYPE = YES_ERROR;
				GCC_WARN_UNDECLARED_SELECTOR = YES;
				GCC_WARN_UNINITIALIZED_AUTOS = YES_AGGRESSIVE;
				GCC_WARN_UNUSED_FUNCTION = YES;
				GCC_WARN_UNUSED_VARIABLE = YES;
				IPHONEOS_DEPLOYMENT_TARGET = 16.2;
				MTL_ENABLE_DEBUG_INFO = NO;
				MTL_FAST_MATH = YES;
				SDKROOT = iphoneos;
				SWIFT_COMPILATION_MODE = wholemodule;
				SWIFT_OPTIMIZATION_LEVEL = "-O";
				VALIDATE_PRODUCT = YES;
			};
			name = Release;
		};
		C9355C8A296DDCAB00E09DB8 /* Debug */ = {
			isa = XCBuildConfiguration;
			buildSettings = {
				ASSETCATALOG_COMPILER_APPICON_NAME = AppIcon;
				ASSETCATALOG_COMPILER_GLOBAL_ACCENT_COLOR_NAME = AccentColor;
				CODE_SIGN_STYLE = Automatic;
				CURRENT_PROJECT_VERSION = 1;
				DEVELOPMENT_TEAM = 4AKWAHU929;
				GENERATE_INFOPLIST_FILE = YES;
				INFOPLIST_FILE = TodoApp/Info.plist;
				INFOPLIST_KEY_UIApplicationSupportsIndirectInputEvents = YES;
				INFOPLIST_KEY_UILaunchStoryboardName = LaunchScreen;
				INFOPLIST_KEY_UIMainStoryboardFile = Main;
				INFOPLIST_KEY_UISupportedInterfaceOrientations = "UIInterfaceOrientationLandscapeLeft UIInterfaceOrientationLandscapeRight UIInterfaceOrientationPortrait";
				LD_RUNPATH_SEARCH_PATHS = (
					"$(inherited)",
					"@executable_path/Frameworks",
				);
				MARKETING_VERSION = 1.0;
				PRODUCT_BUNDLE_IDENTIFIER = com.mehmetergun.TodoApp;
				PRODUCT_NAME = "$(TARGET_NAME)";
				SWIFT_EMIT_LOC_STRINGS = YES;
				SWIFT_VERSION = 5.0;
				TARGETED_DEVICE_FAMILY = "1,2";
			};
			name = Debug;
		};
		C9355C8B296DDCAB00E09DB8 /* Release */ = {
			isa = XCBuildConfiguration;
			buildSettings = {
				ASSETCATALOG_COMPILER_APPICON_NAME = AppIcon;
				ASSETCATALOG_COMPILER_GLOBAL_ACCENT_COLOR_NAME = AccentColor;
				CODE_SIGN_STYLE = Automatic;
				CURRENT_PROJECT_VERSION = 1;
				DEVELOPMENT_TEAM = 4AKWAHU929;
				GENERATE_INFOPLIST_FILE = YES;
				INFOPLIST_FILE = TodoApp/Info.plist;
				INFOPLIST_KEY_UIApplicationSupportsIndirectInputEvents = YES;
				INFOPLIST_KEY_UILaunchStoryboardName = LaunchScreen;
				INFOPLIST_KEY_UIMainStoryboardFile = Main;
				INFOPLIST_KEY_UISupportedInterfaceOrientations = "UIInterfaceOrientationLandscapeLeft UIInterfaceOrientationLandscapeRight UIInterfaceOrientationPortrait";
				LD_RUNPATH_SEARCH_PATHS = (
					"$(inherited)",
					"@executable_path/Frameworks",
				);
				MARKETING_VERSION = 1.0;
				PRODUCT_BUNDLE_IDENTIFIER = com.mehmetergun.TodoApp;
				PRODUCT_NAME = "$(TARGET_NAME)";
				SWIFT_EMIT_LOC_STRINGS = YES;
				SWIFT_VERSION = 5.0;
				TARGETED_DEVICE_FAMILY = "1,2";
			};
			name = Release;
		};
/* End XCBuildConfiguration section */

/* Begin XCConfigurationList section */
		C9355C6D296DDCAA00E09DB8 /* Build configuration list for PBXProject "TodoApp" */ = {
			isa = XCConfigurationList;
			buildConfigurations = (
				C9355C87296DDCAB00E09DB8 /* Debug */,
				C9355C88296DDCAB00E09DB8 /* Release */,
			);
			defaultConfigurationIsVisible = 0;
			defaultConfigurationName = Release;
		};
		C9355C89296DDCAB00E09DB8 /* Build configuration list for PBXNativeTarget "TodoApp" */ = {
			isa = XCConfigurationList;
			buildConfigurations = (
				C9355C8A296DDCAB00E09DB8 /* Debug */,
				C9355C8B296DDCAB00E09DB8 /* Release */,
			);
			defaultConfigurationIsVisible = 0;
			defaultConfigurationName = Release;
		};
/* End XCConfigurationList section */

/* Begin XCVersionGroup section */
		C9355C7E296DDCAA00E09DB8 /* TodoApp.xcdatamodeld */ = {
			isa = XCVersionGroup;
			children = (
				C9355C7F296DDCAA00E09DB8 /* TodoApp.xcdatamodel */,
			);
			currentVersion = C9355C7F296DDCAA00E09DB8 /* TodoApp.xcdatamodel */;
			path = TodoApp.xcdatamodeld;
			sourceTree = "<group>";
			versionGroupType = wrapper.xcdatamodel;
		};
/* End XCVersionGroup section */
	};
	rootObject = C9355C6A296DDCAA00E09DB8 /* Project object */;
}
